
Microsoft Visual Studio Solution File, Format Version 12.00
# Visual Studio 15
VisualStudioVersion = 15.0.28307.539
MinimumVisualStudioVersion = 10.0.40219.1
Project("{2150E333-8FDC-42A3-9474-1A3956D46DE8}") = "01，Presentation Layer", "01，Presentation Layer", "{88ACF9EB-1946-41AC-90C0-5CC3219A9426}"
EndProject
Project("{2150E333-8FDC-42A3-9474-1A3956D46DE8}") = "02，Business Logic Layer", "02，Business Logic Layer", "{2B091C9F-82B1-4BCA-B717-44DC18E4067C}"
EndProject
Project("{2150E333-8FDC-42A3-9474-1A3956D46DE8}") = "03，Data Access Layer", "03，Data Access Layer", "{182C8A67-E981-43F0-8362-E0DADE1F328E}"
EndProject
Project("{2150E333-8FDC-42A3-9474-1A3956D46DE8}") = "04，DB Model Layer", "04，DB Model Layer", "{4E87BBE2-E9C3-4040-A53F-FBE060EF452E}"
EndProject
Project("{2150E333-8FDC-42A3-9474-1A3956D46DE8}") = "05，Reference", "05，Reference", "{C3402A40-9D8E-4AB2-B217-A010CB78F67A}"
EndProject
Project("{2150E333-8FDC-42A3-9474-1A3956D46DE8}") = "06，Solution Items", "06，Solution Items", "{FF8DA486-13CF-4047-A887-E3A7A6446060}"
EndProject
Project("{FAE04EC0-301F-11D3-BF4B-00C04F79EFBC}") = "Capinfo Medical.CTS.DataAccess", "Capinfo Medical.OCS.DataAccess\Capinfo Medical.CTS.DataAccess.csproj", "{31AB81AB-EC9C-40A7-BBFF-DAE60A648189}"
EndProject
Project("{FAE04EC0-301F-11D3-BF4B-00C04F79EFBC}") = "Capinfo Medical.CTS.Service", "Capinfo Medical.OCS.Service\Capinfo Medical.CTS.Service.csproj", "{C31C572D-926E-4E41-BCB0-B16B89BB9E95}"
EndProject
Project("{FAE04EC0-301F-11D3-BF4B-00C04F79EFBC}") = "Capinfo Medical.CTS.Model", "Capinfo Medical.OCS.Model\Capinfo Medical.CTS.Model.csproj", "{DE36A986-C11A-430A-8B5B-E1A9D48A4C75}"
EndProject
Project("{FAE04EC0-301F-11D3-BF4B-00C04F79EFBC}") = "Capinfo Medical.CTS.Utils", "Capinfo Medical.OCS.Utils\Capinfo Medical.CTS.Utils.csproj", "{B92B2FDB-2880-4B76-9FA3-3F41CB9BAEBF}"
EndProject
Project("{FAE04EC0-301F-11D3-BF4B-00C04F79EFBC}") = "Elight.Web", "Elight.Web\Elight.Web.csproj", "{A0694E8E-6EA1-4837-B8A3-3E1B2329E23D}"
EndProject
Project("{FAE04EC0-301F-11D3-BF4B-00C04F79EFBC}") = "In-hospital Indicators.Service", "..\..\RDLC_DEMO\RDLC_DEMO\In-hospital Indicators.Service.csproj", "{A1459FD1-49CA-441A-BA87-516C80DA9163}"
EndProject
Project("{FAE04EC0-301F-11D3-BF4B-00C04F79EFBC}") = "Capinfo Medical.CTS.API", "Capinfo Medical.CTS.API\Capinfo Medical.CTS.API.csproj", "{D19FEFD4-7794-46F2-BD1E-9234A0EEF0E0}"
EndProject
Project("{FAE04EC0-301F-11D3-BF4B-00C04F79EFBC}") = "Elight.Infrastructure", "Elight.Infrastructure\Elight.Infrastructure.csproj", "{F0E21EAA-5032-4E90-A0BE-411C67C8CE82}"
EndProject
Project("{FAE04EC0-301F-11D3-BF4B-00C04F79EFBC}") = "Elight.Repository", "Elight.Repository\Elight.Repository.csproj", "{D9DCF45E-DD12-43F9-A601-FF02B30607B7}"
EndProject
Project("{FAE04EC0-301F-11D3-BF4B-00C04F79EFBC}") = "Elight.IRepository", "Elight.IRepository\Elight.IRepository.csproj", "{EB66AEE0-6D8C-42EA-A19D-59D5090FEE40}"
EndProject
Project("{FAE04EC0-301F-11D3-BF4B-00C04F79EFBC}") = "Elight.IService", "Elight.IService\Elight.IService.csproj", "{D9B8906B-A20F-418D-8923-055F94F61579}"
EndProject
Project("{FAE04EC0-301F-11D3-BF4B-00C04F79EFBC}") = "Elight.Service", "Elight.Service\Elight.Service.csproj", "{0F8031FB-AE93-4732-9AA9-DA5BD9D183F8}"
EndProject
Project("{FAE04EC0-301F-11D3-BF4B-00C04F79EFBC}") = "Elight.Entity", "Elight.Entity\Elight.Entity.csproj", "{A2475FC1-589F-46B3-AC20-E57E621CC994}"
EndProject
Global
	GlobalSection(SolutionConfigurationPlatforms) = preSolution
		Debug|Any CPU = Debug|Any CPU
		Release|Any CPU = Release|Any CPU
	EndGlobalSection
	GlobalSection(ProjectConfigurationPlatforms) = postSolution
		{31AB81AB-EC9C-40A7-BBFF-DAE60A648189}.Debug|Any CPU.ActiveCfg = Debug|Any CPU
		{31AB81AB-EC9C-40A7-BBFF-DAE60A648189}.Debug|Any CPU.Build.0 = Debug|Any CPU
		{31AB81AB-EC9C-40A7-BBFF-DAE60A648189}.Release|Any CPU.ActiveCfg = Release|Any CPU
		{31AB81AB-EC9C-40A7-BBFF-DAE60A648189}.Release|Any CPU.Build.0 = Release|Any CPU
		{C31C572D-926E-4E41-BCB0-B16B89BB9E95}.Debug|Any CPU.ActiveCfg = Debug|Any CPU
		{C31C572D-926E-4E41-BCB0-B16B89BB9E95}.Debug|Any CPU.Build.0 = Debug|Any CPU
		{C31C572D-926E-4E41-BCB0-B16B89BB9E95}.Release|Any CPU.ActiveCfg = Release|Any CPU
		{C31C572D-926E-4E41-BCB0-B16B89BB9E95}.Release|Any CPU.Build.0 = Release|Any CPU
		{DE36A986-C11A-430A-8B5B-E1A9D48A4C75}.Debug|Any CPU.ActiveCfg = Debug|Any CPU
		{DE36A986-C11A-430A-8B5B-E1A9D48A4C75}.Debug|Any CPU.Build.0 = Debug|Any CPU
		{DE36A986-C11A-430A-8B5B-E1A9D48A4C75}.Release|Any CPU.ActiveCfg = Release|Any CPU
		{DE36A986-C11A-430A-8B5B-E1A9D48A4C75}.Release|Any CPU.Build.0 = Release|Any CPU
		{B92B2FDB-2880-4B76-9FA3-3F41CB9BAEBF}.Debug|Any CPU.ActiveCfg = Debug|Any CPU
		{B92B2FDB-2880-4B76-9FA3-3F41CB9BAEBF}.Debug|Any CPU.Build.0 = Debug|Any CPU
		{B92B2FDB-2880-4B76-9FA3-3F41CB9BAEBF}.Release|Any CPU.ActiveCfg = Release|Any CPU
		{B92B2FDB-2880-4B76-9FA3-3F41CB9BAEBF}.Release|Any CPU.Build.0 = Release|Any CPU
		{A0694E8E-6EA1-4837-B8A3-3E1B2329E23D}.Debug|Any CPU.ActiveCfg = Debug|Any CPU
		{A0694E8E-6EA1-4837-B8A3-3E1B2329E23D}.Debug|Any CPU.Build.0 = Debug|Any CPU
		{A0694E8E-6EA1-4837-B8A3-3E1B2329E23D}.Release|Any CPU.ActiveCfg = Release|Any CPU
		{A0694E8E-6EA1-4837-B8A3-3E1B2329E23D}.Release|Any CPU.Build.0 = Release|Any CPU
		{A1459FD1-49CA-441A-BA87-516C80DA9163}.Debug|Any CPU.ActiveCfg = Debug|Any CPU
		{A1459FD1-49CA-441A-BA87-516C80DA9163}.Debug|Any CPU.Build.0 = Debug|Any CPU
		{A1459FD1-49CA-441A-BA87-516C80DA9163}.Release|Any CPU.ActiveCfg = Release|Any CPU
		{A1459FD1-49CA-441A-BA87-516C80DA9163}.Release|Any CPU.Build.0 = Release|Any CPU
		{D19FEFD4-7794-46F2-BD1E-9234A0EEF0E0}.Debug|Any CPU.ActiveCfg = Debug|Any CPU
		{D19FEFD4-7794-46F2-BD1E-9234A0EEF0E0}.Debug|Any CPU.Build.0 = Debug|Any CPU
		{D19FEFD4-7794-46F2-BD1E-9234A0EEF0E0}.Release|Any CPU.ActiveCfg = Release|Any CPU
		{D19FEFD4-7794-46F2-BD1E-9234A0EEF0E0}.Release|Any CPU.Build.0 = Release|Any CPU
		{F0E21EAA-5032-4E90-A0BE-411C67C8CE82}.Debug|Any CPU.ActiveCfg = Debug|Any CPU
		{F0E21EAA-5032-4E90-A0BE-411C67C8CE82}.Debug|Any CPU.Build.0 = Debug|Any CPU
		{F0E21EAA-5032-4E90-A0BE-411C67C8CE82}.Release|Any CPU.ActiveCfg = Release|Any CPU
		{F0E21EAA-5032-4E90-A0BE-411C67C8CE82}.Release|Any CPU.Build.0 = Release|Any CPU
		{D9DCF45E-DD12-43F9-A601-FF02B30607B7}.Debug|Any CPU.ActiveCfg = Debug|Any CPU
		{D9DCF45E-DD12-43F9-A601-FF02B30607B7}.Debug|Any CPU.Build.0 = Debug|Any CPU
		{D9DCF45E-DD12-43F9-A601-FF02B30607B7}.Release|Any CPU.ActiveCfg = Release|Any CPU
		{D9DCF45E-DD12-43F9-A601-FF02B30607B7}.Release|Any CPU.Build.0 = Release|Any CPU
		{EB66AEE0-6D8C-42EA-A19D-59D5090FEE40}.Debug|Any CPU.ActiveCfg = Debug|Any CPU
		{EB66AEE0-6D8C-42EA-A19D-59D5090FEE40}.Debug|Any CPU.Build.0 = Debug|Any CPU
		{EB66AEE0-6D8C-42EA-A19D-59D5090FEE40}.Release|Any CPU.ActiveCfg = Release|Any CPU
		{EB66AEE0-6D8C-42EA-A19D-59D5090FEE40}.Release|Any CPU.Build.0 = Release|Any CPU
		{D9B8906B-A20F-418D-8923-055F94F61579}.Debug|Any CPU.ActiveCfg = Debug|Any CPU
		{D9B8906B-A20F-418D-8923-055F94F61579}.Debug|Any CPU.Build.0 = Debug|Any CPU
		{D9B8906B-A20F-418D-8923-055F94F61579}.Release|Any CPU.ActiveCfg = Release|Any CPU
		{D9B8906B-A20F-418D-8923-055F94F61579}.Release|Any CPU.Build.0 = Release|Any CPU
		{0F8031FB-AE93-4732-9AA9-DA5BD9D183F8}.Debug|Any CPU.ActiveCfg = Debug|Any CPU
		{0F8031FB-AE93-4732-9AA9-DA5BD9D183F8}.Debug|Any CPU.Build.0 = Debug|Any CPU
		{0F8031FB-AE93-4732-9AA9-DA5BD9D183F8}.Release|Any CPU.ActiveCfg = Release|Any CPU
		{0F8031FB-AE93-4732-9AA9-DA5BD9D183F8}.Release|Any CPU.Build.0 = Release|Any CPU
		{A2475FC1-589F-46B3-AC20-E57E621CC994}.Debug|Any CPU.ActiveCfg = Debug|Any CPU
		{A2475FC1-589F-46B3-AC20-E57E621CC994}.Debug|Any CPU.Build.0 = Debug|Any CPU
		{A2475FC1-589F-46B3-AC20-E57E621CC994}.Release|Any CPU.ActiveCfg = Release|Any CPU
		{A2475FC1-589F-46B3-AC20-E57E621CC994}.Release|Any CPU.Build.0 = Release|Any CPU
	EndGlobalSection
	GlobalSection(SolutionProperties) = preSolution
		HideSolutionNode = FALSE
	EndGlobalSection
	GlobalSection(NestedProjects) = preSolution
		{31AB81AB-EC9C-40A7-BBFF-DAE60A648189} = {182C8A67-E981-43F0-8362-E0DADE1F328E}
		{C31C572D-926E-4E41-BCB0-B16B89BB9E95} = {2B091C9F-82B1-4BCA-B717-44DC18E4067C}
		{DE36A986-C11A-430A-8B5B-E1A9D48A4C75} = {4E87BBE2-E9C3-4040-A53F-FBE060EF452E}
		{B92B2FDB-2880-4B76-9FA3-3F41CB9BAEBF} = {C3402A40-9D8E-4AB2-B217-A010CB78F67A}
		{A0694E8E-6EA1-4837-B8A3-3E1B2329E23D} = {88ACF9EB-1946-41AC-90C0-5CC3219A9426}
		{A1459FD1-49CA-441A-BA87-516C80DA9163} = {2B091C9F-82B1-4BCA-B717-44DC18E4067C}
		{D19FEFD4-7794-46F2-BD1E-9234A0EEF0E0} = {88ACF9EB-1946-41AC-90C0-5CC3219A9426}
		{F0E21EAA-5032-4E90-A0BE-411C67C8CE82} = {C3402A40-9D8E-4AB2-B217-A010CB78F67A}
		{D9DCF45E-DD12-43F9-A601-FF02B30607B7} = {182C8A67-E981-43F0-8362-E0DADE1F328E}
		{EB66AEE0-6D8C-42EA-A19D-59D5090FEE40} = {182C8A67-E981-43F0-8362-E0DADE1F328E}
		{D9B8906B-A20F-418D-8923-055F94F61579} = {2B091C9F-82B1-4BCA-B717-44DC18E4067C}
		{0F8031FB-AE93-4732-9AA9-DA5BD9D183F8} = {2B091C9F-82B1-4BCA-B717-44DC18E4067C}
		{A2475FC1-589F-46B3-AC20-E57E621CC994} = {4E87BBE2-E9C3-4040-A53F-FBE060EF452E}
	EndGlobalSection
	GlobalSection(ExtensibilityGlobals) = postSolution
		SolutionGuid = {9A9A5E1B-EEBE-42B9-B2ED-A271510BDC32}
	EndGlobalSection
EndGlobal
